
Microsoft Visual Studio Solution File, Format Version 12.00
# Visual Studio Version 16
VisualStudioVersion = 16.0.30711.63
MinimumVisualStudioVersion = 10.0.40219.1
Project("{FAE04EC0-301F-11D3-BF4B-00C04F79EFBC}") = "calculadoraIMC", "calculadoraIMC.csproj", "{2563BA4C-822E-40D2-B91A-EDD648A911FC}"
EndProject
Global
	GlobalSection(SolutionConfigurationPlatforms) = preSolution
		Debug|Any CPU = Debug|Any CPU
		Release|Any CPU = Release|Any CPU
	EndGlobalSection
	GlobalSection(ProjectConfigurationPlatforms) = postSolution
		{2563BA4C-822E-40D2-B91A-EDD648A911FC}.Debug|Any CPU.ActiveCfg = Debug|Any CPU
		{2563BA4C-822E-40D2-B91A-EDD648A911FC}.Debug|Any CPU.Build.0 = Debug|Any CPU
		{2563BA4C-822E-40D2-B91A-EDD648A911FC}.Release|Any CPU.ActiveCfg = Release|Any CPU
		{2563BA4C-822E-40D2-B91A-EDD648A911FC}.Release|Any CPU.Build.0 = Release|Any CPU
	EndGlobalSection
	GlobalSection(SolutionProperties) = preSolution
		HideSolutionNode = FALSE
	EndGlobalSection
	GlobalSection(ExtensibilityGlobals) = postSolution
		SolutionGuid = {6F32FD9B-A22A-4CAE-9C41-2E12453795AF}
	EndGlobalSection
EndGlobal
